
Microsoft Visual Studio Solution File, Format Version 12.00
# Visual Studio Version 17
VisualStudioVersion = 17.7.34202.233
MinimumVisualStudioVersion = 10.0.40219.1
Project("{FAE04EC0-301F-11D3-BF4B-00C04F79EFBC}") = "GenerationAPI", "GenerationAPI.csproj", "{AF5AF2A8-05D4-4D7E-8838-CAF60346905B}"
EndProject
Project("{2150E333-8FDC-42A3-9474-1A3956D46DE8}") = "Solution Items", "Solution Items", "{D4C7DB4C-F8BD-4056-8098-FFFF33F9E421}"
EndProject
Global
	GlobalSection(SolutionConfigurationPlatforms) = preSolution
		Debug|Any CPU = Debug|Any CPU
		Release|Any CPU = Release|Any CPU
	EndGlobalSection
	GlobalSection(ProjectConfigurationPlatforms) = postSolution
		{AF5AF2A8-05D4-4D7E-8838-CAF60346905B}.Debug|Any CPU.ActiveCfg = Debug|Any CPU
		{AF5AF2A8-05D4-4D7E-8838-CAF60346905B}.Debug|Any CPU.Build.0 = Debug|Any CPU
		{AF5AF2A8-05D4-4D7E-8838-CAF60346905B}.Release|Any CPU.ActiveCfg = Release|Any CPU
		{AF5AF2A8-05D4-4D7E-8838-CAF60346905B}.Release|Any CPU.Build.0 = Release|Any CPU
	EndGlobalSection
	GlobalSection(SolutionProperties) = preSolution
		HideSolutionNode = FALSE
	EndGlobalSection
	GlobalSection(ExtensibilityGlobals) = postSolution
		SolutionGuid = {0153D3E6-9B3A-4BE4-AD6F-5914F91459FC}
	EndGlobalSection
EndGlobal
